
Microsoft Visual Studio Solution File, Format Version 12.00
# Visual Studio Version 17
VisualStudioVersion = 17.0.32014.148
MinimumVisualStudioVersion = 10.0.40219.1
Project("{FAE04EC0-301F-11D3-BF4B-00C04F79EFBC}") = "Task", "src\Task\Task.csproj", "{77317B17-2AAE-4231-9F2C-B6411C5CB209}"
EndProject
Project("{FAE04EC0-301F-11D3-BF4B-00C04F79EFBC}") = "TaskTests", "src\TaskTests\TaskTests.csproj", "{0EF003FA-7FD4-4518-B623-28C43DAB22D9}"
EndProject
Global
	GlobalSection(SolutionConfigurationPlatforms) = preSolution
		Debug|Any CPU = Debug|Any CPU
		Release|Any CPU = Release|Any CPU
	EndGlobalSection
	GlobalSection(ProjectConfigurationPlatforms) = postSolution
		{77317B17-2AAE-4231-9F2C-B6411C5CB209}.Debug|Any CPU.ActiveCfg = Debug|Any CPU
		{77317B17-2AAE-4231-9F2C-B6411C5CB209}.Debug|Any CPU.Build.0 = Debug|Any CPU
		{77317B17-2AAE-4231-9F2C-B6411C5CB209}.Release|Any CPU.ActiveCfg = Release|Any CPU
		{77317B17-2AAE-4231-9F2C-B6411C5CB209}.Release|Any CPU.Build.0 = Release|Any CPU
		{0EF003FA-7FD4-4518-B623-28C43DAB22D9}.Debug|Any CPU.ActiveCfg = Debug|Any CPU
		{0EF003FA-7FD4-4518-B623-28C43DAB22D9}.Debug|Any CPU.Build.0 = Debug|Any CPU
		{0EF003FA-7FD4-4518-B623-28C43DAB22D9}.Release|Any CPU.ActiveCfg = Release|Any CPU
		{0EF003FA-7FD4-4518-B623-28C43DAB22D9}.Release|Any CPU.Build.0 = Release|Any CPU
	EndGlobalSection
	GlobalSection(SolutionProperties) = preSolution
		HideSolutionNode = FALSE
	EndGlobalSection
	GlobalSection(ExtensibilityGlobals) = postSolution
		SolutionGuid = {8DCD2B0D-1631-442A-B104-DD4BAF122530}
	EndGlobalSection
EndGlobal
